
Microsoft Visual Studio Solution File, Format Version 12.00
# Visual Studio Version 16
VisualStudioVersion = 16.0.29519.87
MinimumVisualStudioVersion = 10.0.40219.1
Project("{FAE04EC0-301F-11D3-BF4B-00C04F79EFBC}") = "IRF_Project_DCWC5L", "IRF_Project_DCWC5L\IRF_Project_DCWC5L.csproj", "{E3A1C4C1-F0F7-4E58-9971-F6D04D1A2D8E}"
EndProject
Project("{FAE04EC0-301F-11D3-BF4B-00C04F79EFBC}") = "UnitTestAccountProject", "UnitTestAccountProject\UnitTestAccountProject.csproj", "{E94C7332-8296-45F6-B074-43215E00E1CB}"
EndProject
Global
	GlobalSection(SolutionConfigurationPlatforms) = preSolution
		Debug|Any CPU = Debug|Any CPU
		Release|Any CPU = Release|Any CPU
	EndGlobalSection
	GlobalSection(ProjectConfigurationPlatforms) = postSolution
		{E3A1C4C1-F0F7-4E58-9971-F6D04D1A2D8E}.Debug|Any CPU.ActiveCfg = Debug|Any CPU
		{E3A1C4C1-F0F7-4E58-9971-F6D04D1A2D8E}.Debug|Any CPU.Build.0 = Debug|Any CPU
		{E3A1C4C1-F0F7-4E58-9971-F6D04D1A2D8E}.Release|Any CPU.ActiveCfg = Release|Any CPU
		{E3A1C4C1-F0F7-4E58-9971-F6D04D1A2D8E}.Release|Any CPU.Build.0 = Release|Any CPU
		{E94C7332-8296-45F6-B074-43215E00E1CB}.Debug|Any CPU.ActiveCfg = Debug|Any CPU
		{E94C7332-8296-45F6-B074-43215E00E1CB}.Debug|Any CPU.Build.0 = Debug|Any CPU
		{E94C7332-8296-45F6-B074-43215E00E1CB}.Release|Any CPU.ActiveCfg = Release|Any CPU
		{E94C7332-8296-45F6-B074-43215E00E1CB}.Release|Any CPU.Build.0 = Release|Any CPU
	EndGlobalSection
	GlobalSection(SolutionProperties) = preSolution
		HideSolutionNode = FALSE
	EndGlobalSection
	GlobalSection(ExtensibilityGlobals) = postSolution
		SolutionGuid = {840CA4E9-E354-49AE-82DA-D1AB94588A8A}
	EndGlobalSection
EndGlobal
